// !$*UTF8*$!
{
	archiveVersion = 1;
	classes = {
	};
	objectVersion = 48;
	objects = {

/* Begin PBXBuildFile section */
		68160DC61FA8CCC7009E9D68 /* IntegersArrayFactory.swift in Sources */ = {isa = PBXBuildFile; fileRef = 680FED701FA8C88600C6DD74 /* IntegersArrayFactory.swift */; };
		68160DC71FA8CCCA009E9D68 /* Sorting.swift in Sources */ = {isa = PBXBuildFile; fileRef = 680FED6E1FA8C7B300C6DD74 /* Sorting.swift */; };
		68160DC81FA8CCCC009E9D68 /* InsertionSort.swift in Sources */ = {isa = PBXBuildFile; fileRef = 680FED6C1FA8C79800C6DD74 /* InsertionSort.swift */; };
		68160DCB1FA8E44F009E9D68 /* TimeComplexity.swift in Sources */ = {isa = PBXBuildFile; fileRef = 68160DCA1FA8E44F009E9D68 /* TimeComplexity.swift */; };
		68160DCD1FA8F4B0009E9D68 /* QuickSort.swift in Sources */ = {isa = PBXBuildFile; fileRef = 68160DCC1FA8F4B0009E9D68 /* QuickSort.swift */; };
		68160DCF1FA8FE92009E9D68 /* BubbleSort.swift in Sources */ = {isa = PBXBuildFile; fileRef = 68160DCE1FA8FE92009E9D68 /* BubbleSort.swift */; };
		686148461FA4DA460025BEDA /* main.swift in Sources */ = {isa = PBXBuildFile; fileRef = 686148451FA4DA460025BEDA /* main.swift */; };
		6861484E1FA605BA0025BEDA /* Node.swift in Sources */ = {isa = PBXBuildFile; fileRef = 6861484D1FA605BA0025BEDA /* Node.swift */; };
		686148501FA605D50025BEDA /* Edge.swift in Sources */ = {isa = PBXBuildFile; fileRef = 6861484F1FA605D50025BEDA /* Edge.swift */; };
		686148521FA605EE0025BEDA /* Graph.swift in Sources */ = {isa = PBXBuildFile; fileRef = 686148511FA605EE0025BEDA /* Graph.swift */; };
		686148541FA606080025BEDA /* GraphFactory.swift in Sources */ = {isa = PBXBuildFile; fileRef = 686148531FA606080025BEDA /* GraphFactory.swift */; };
		686148561FA610A70025BEDA /* BinaryTree.swift in Sources */ = {isa = PBXBuildFile; fileRef = 686148551FA610A70025BEDA /* BinaryTree.swift */; };
		6861485B1FA6114D0025BEDA /* BinaryTreeNode.swift in Sources */ = {isa = PBXBuildFile; fileRef = 6861485A1FA6114D0025BEDA /* BinaryTreeNode.swift */; };
		68ADABBE1FA6135600B56673 /* BinaryTreeFactory.swift in Sources */ = {isa = PBXBuildFile; fileRef = 68ADABBD1FA6135600B56673 /* BinaryTreeFactory.swift */; };
/* End PBXBuildFile section */

/* Begin PBXCopyFilesBuildPhase section */
		686148401FA4DA460025BEDA /* CopyFiles */ = {
			isa = PBXCopyFilesBuildPhase;
			buildActionMask = 2147483647;
			dstPath = /usr/share/man/man1/;
			dstSubfolderSpec = 0;
			files = (
			);
			runOnlyForDeploymentPostprocessing = 1;
		};
/* End PBXCopyFilesBuildPhase section */

/* Begin PBXFileReference section */
		680FED6C1FA8C79800C6DD74 /* InsertionSort.swift */ = {isa = PBXFileReference; lastKnownFileType = sourcecode.swift; path = InsertionSort.swift; sourceTree = "<group>"; };
		680FED6E1FA8C7B300C6DD74 /* Sorting.swift */ = {isa = PBXFileReference; lastKnownFileType = sourcecode.swift; path = Sorting.swift; sourceTree = "<group>"; };
		680FED701FA8C88600C6DD74 /* IntegersArrayFactory.swift */ = {isa = PBXFileReference; lastKnownFileType = sourcecode.swift; path = IntegersArrayFactory.swift; sourceTree = "<group>"; };
		68160DCA1FA8E44F009E9D68 /* TimeComplexity.swift */ = {isa = PBXFileReference; lastKnownFileType = sourcecode.swift; path = TimeComplexity.swift; sourceTree = "<group>"; };
		68160DCC1FA8F4B0009E9D68 /* QuickSort.swift */ = {isa = PBXFileReference; lastKnownFileType = sourcecode.swift; path = QuickSort.swift; sourceTree = "<group>"; };
		68160DCE1FA8FE92009E9D68 /* BubbleSort.swift */ = {isa = PBXFileReference; lastKnownFileType = sourcecode.swift; path = BubbleSort.swift; sourceTree = "<group>"; };
		686148421FA4DA460025BEDA /* SwiftAlgorithms */ = {isa = PBXFileReference; explicitFileType = "compiled.mach-o.executable"; includeInIndex = 0; path = SwiftAlgorithms; sourceTree = BUILT_PRODUCTS_DIR; };
		686148451FA4DA460025BEDA /* main.swift */ = {isa = PBXFileReference; lastKnownFileType = sourcecode.swift; path = main.swift; sourceTree = "<group>"; };
		6861484D1FA605BA0025BEDA /* Node.swift */ = {isa = PBXFileReference; lastKnownFileType = sourcecode.swift; path = Node.swift; sourceTree = "<group>"; };
		6861484F1FA605D50025BEDA /* Edge.swift */ = {isa = PBXFileReference; lastKnownFileType = sourcecode.swift; path = Edge.swift; sourceTree = "<group>"; };
		686148511FA605EE0025BEDA /* Graph.swift */ = {isa = PBXFileReference; lastKnownFileType = sourcecode.swift; path = Graph.swift; sourceTree = "<group>"; };
		686148531FA606080025BEDA /* GraphFactory.swift */ = {isa = PBXFileReference; lastKnownFileType = sourcecode.swift; path = GraphFactory.swift; sourceTree = "<group>"; };
		686148551FA610A70025BEDA /* BinaryTree.swift */ = {isa = PBXFileReference; lastKnownFileType = sourcecode.swift; path = BinaryTree.swift; sourceTree = "<group>"; };
		6861485A1FA6114D0025BEDA /* BinaryTreeNode.swift */ = {isa = PBXFileReference; lastKnownFileType = sourcecode.swift; path = BinaryTreeNode.swift; sourceTree = "<group>"; };
		68ADABBD1FA6135600B56673 /* BinaryTreeFactory.swift */ = {isa = PBXFileReference; lastKnownFileType = sourcecode.swift; path = BinaryTreeFactory.swift; sourceTree = "<group>"; };
/* End PBXFileReference section */

/* Begin PBXFrameworksBuildPhase section */
		6861483F1FA4DA460025BEDA /* Frameworks */ = {
			isa = PBXFrameworksBuildPhase;
			buildActionMask = 2147483647;
			files = (
			);
			runOnlyForDeploymentPostprocessing = 0;
		};
/* End PBXFrameworksBuildPhase section */

/* Begin PBXGroup section */
		680FED691FA8C77400C6DD74 /* DataStructures */ = {
			isa = PBXGroup;
			children = (
				6861484C1FA605A30025BEDA /* Graph */,
				686148591FA611300025BEDA /* BinaryTree */,
			);
			path = DataStructures;
			sourceTree = "<group>";
		};
		680FED6A1FA8C78600C6DD74 /* Algorithms */ = {
			isa = PBXGroup;
			children = (
				680FED6B1FA8C78C00C6DD74 /* Sorting */,
			);
			path = Algorithms;
			sourceTree = "<group>";
		};
		680FED6B1FA8C78C00C6DD74 /* Sorting */ = {
			isa = PBXGroup;
			children = (
				680FED701FA8C88600C6DD74 /* IntegersArrayFactory.swift */,
				680FED6E1FA8C7B300C6DD74 /* Sorting.swift */,
				680FED6C1FA8C79800C6DD74 /* InsertionSort.swift */,
				68160DCC1FA8F4B0009E9D68 /* QuickSort.swift */,
				68160DCE1FA8FE92009E9D68 /* BubbleSort.swift */,
			);
			path = Sorting;
			sourceTree = "<group>";
		};
		68160DC91FA8E43E009E9D68 /* TimeComplexity */ = {
			isa = PBXGroup;
			children = (
				68160DCA1FA8E44F009E9D68 /* TimeComplexity.swift */,
			);
			path = TimeComplexity;
			sourceTree = "<group>";
		};
		686148391FA4DA460025BEDA = {
			isa = PBXGroup;
			children = (
				686148441FA4DA460025BEDA /* SwiftAlgorithms */,
				686148431FA4DA460025BEDA /* Products */,
			);
			sourceTree = "<group>";
		};
		686148431FA4DA460025BEDA /* Products */ = {
			isa = PBXGroup;
			children = (
				686148421FA4DA460025BEDA /* SwiftAlgorithms */,
			);
			name = Products;
			sourceTree = "<group>";
		};
		686148441FA4DA460025BEDA /* SwiftAlgorithms */ = {
			isa = PBXGroup;
			children = (
				680FED691FA8C77400C6DD74 /* DataStructures */,
				686148451FA4DA460025BEDA /* main.swift */,
				68160DC91FA8E43E009E9D68 /* TimeComplexity */,
				680FED6A1FA8C78600C6DD74 /* Algorithms */,
			);
			path = SwiftAlgorithms;
			sourceTree = "<group>";
		};
		6861484C1FA605A30025BEDA /* Graph */ = {
			isa = PBXGroup;
			children = (
				6861484D1FA605BA0025BEDA /* Node.swift */,
				6861484F1FA605D50025BEDA /* Edge.swift */,
				686148511FA605EE0025BEDA /* Graph.swift */,
				686148531FA606080025BEDA /* GraphFactory.swift */,
			);
			path = Graph;
			sourceTree = "<group>";
		};
		686148591FA611300025BEDA /* BinaryTree */ = {
			isa = PBXGroup;
			children = (
				6861485A1FA6114D0025BEDA /* BinaryTreeNode.swift */,
				686148551FA610A70025BEDA /* BinaryTree.swift */,
				68ADABBD1FA6135600B56673 /* BinaryTreeFactory.swift */,
			);
			path = BinaryTree;
			sourceTree = "<group>";
		};
/* End PBXGroup section */

/* Begin PBXNativeTarget section */
		686148411FA4DA460025BEDA /* SwiftAlgorithms */ = {
			isa = PBXNativeTarget;
			buildConfigurationList = 686148491FA4DA460025BEDA /* Build configuration list for PBXNativeTarget "SwiftAlgorithms" */;
			buildPhases = (
				6861483E1FA4DA460025BEDA /* Sources */,
				6861483F1FA4DA460025BEDA /* Frameworks */,
				686148401FA4DA460025BEDA /* CopyFiles */,
			);
			buildRules = (
			);
			dependencies = (
			);
			name = SwiftAlgorithms;
			productName = SwiftAlgorithms;
			productReference = 686148421FA4DA460025BEDA /* SwiftAlgorithms */;
			productType = "com.apple.product-type.tool";
		};
/* End PBXNativeTarget section */

/* Begin PBXProject section */
		6861483A1FA4DA460025BEDA /* Project object */ = {
			isa = PBXProject;
			attributes = {
				LastSwiftUpdateCheck = 0900;
				LastUpgradeCheck = 0900;
				ORGANIZATIONNAME = agc;
				TargetAttributes = {
					686148411FA4DA460025BEDA = {
						CreatedOnToolsVersion = 9.0;
						ProvisioningStyle = Automatic;
					};
				};
			};
			buildConfigurationList = 6861483D1FA4DA460025BEDA /* Build configuration list for PBXProject "SwiftAlgorithms" */;
			compatibilityVersion = "Xcode 8.0";
			developmentRegion = en;
			hasScannedForEncodings = 0;
			knownRegions = (
				en,
			);
			mainGroup = 686148391FA4DA460025BEDA;
			productRefGroup = 686148431FA4DA460025BEDA /* Products */;
			projectDirPath = "";
			projectRoot = "";
			targets = (
				686148411FA4DA460025BEDA /* SwiftAlgorithms */,
			);
		};
/* End PBXProject section */

/* Begin PBXSourcesBuildPhase section */
		6861483E1FA4DA460025BEDA /* Sources */ = {
			isa = PBXSourcesBuildPhase;
			buildActionMask = 2147483647;
			files = (
				686148521FA605EE0025BEDA /* Graph.swift in Sources */,
				686148541FA606080025BEDA /* GraphFactory.swift in Sources */,
				686148561FA610A70025BEDA /* BinaryTree.swift in Sources */,
				686148461FA4DA460025BEDA /* main.swift in Sources */,
				68160DCD1FA8F4B0009E9D68 /* QuickSort.swift in Sources */,
				68160DCF1FA8FE92009E9D68 /* BubbleSort.swift in Sources */,
				68160DCB1FA8E44F009E9D68 /* TimeComplexity.swift in Sources */,
				68160DC71FA8CCCA009E9D68 /* Sorting.swift in Sources */,
				6861485B1FA6114D0025BEDA /* BinaryTreeNode.swift in Sources */,
				6861484E1FA605BA0025BEDA /* Node.swift in Sources */,
				686148501FA605D50025BEDA /* Edge.swift in Sources */,
				68160DC81FA8CCCC009E9D68 /* InsertionSort.swift in Sources */,
				68160DC61FA8CCC7009E9D68 /* IntegersArrayFactory.swift in Sources */,
				68ADABBE1FA6135600B56673 /* BinaryTreeFactory.swift in Sources */,
			);
			runOnlyForDeploymentPostprocessing = 0;
		};
/* End PBXSourcesBuildPhase section */

/* Begin XCBuildConfiguration section */
		686148471FA4DA460025BEDA /* Debug */ = {
			isa = XCBuildConfiguration;
			buildSettings = {
				ALWAYS_SEARCH_USER_PATHS = NO;
				CLANG_ANALYZER_NONNULL = YES;
				CLANG_ANALYZER_NUMBER_OBJECT_CONVERSION = YES_AGGRESSIVE;
				CLANG_CXX_LANGUAGE_STANDARD = "gnu++14";
				CLANG_CXX_LIBRARY = "libc++";
				CLANG_ENABLE_MODULES = YES;
				CLANG_ENABLE_OBJC_ARC = YES;
				CLANG_WARN_BLOCK_CAPTURE_AUTORELEASING = YES;
				CLANG_WARN_BOOL_CONVERSION = YES;
				CLANG_WARN_COMMA = YES;
				CLANG_WARN_CONSTANT_CONVERSION = YES;
				CLANG_WARN_DIRECT_OBJC_ISA_USAGE = YES_ERROR;
				CLANG_WARN_DOCUMENTATION_COMMENTS = YES;
				CLANG_WARN_EMPTY_BODY = YES;
				CLANG_WARN_ENUM_CONVERSION = YES;
				CLANG_WARN_INFINITE_RECURSION = YES;
				CLANG_WARN_INT_CONVERSION = YES;
				CLANG_WARN_NON_LITERAL_NULL_CONVERSION = YES;
				CLANG_WARN_OBJC_LITERAL_CONVERSION = YES;
				CLANG_WARN_OBJC_ROOT_CLASS = YES_ERROR;
				CLANG_WARN_RANGE_LOOP_ANALYSIS = YES;
				CLANG_WARN_STRICT_PROTOTYPES = YES;
				CLANG_WARN_SUSPICIOUS_MOVE = YES;
				CLANG_WARN_UNGUARDED_AVAILABILITY = YES_AGGRESSIVE;
				CLANG_WARN_UNREACHABLE_CODE = YES;
				CLANG_WARN__DUPLICATE_METHOD_MATCH = YES;
				CODE_SIGN_IDENTITY = "Mac Developer";
				COPY_PHASE_STRIP = NO;
				DEBUG_INFORMATION_FORMAT = dwarf;
				ENABLE_STRICT_OBJC_MSGSEND = YES;
				ENABLE_TESTABILITY = YES;
				GCC_C_LANGUAGE_STANDARD = gnu11;
				GCC_DYNAMIC_NO_PIC = NO;
				GCC_NO_COMMON_BLOCKS = YES;
				GCC_OPTIMIZATION_LEVEL = 0;
				GCC_PREPROCESSOR_DEFINITIONS = (
					"DEBUG=1",
					"$(inherited)",
				);
				GCC_WARN_64_TO_32_BIT_CONVERSION = YES;
				GCC_WARN_ABOUT_RETURN_TYPE = YES_ERROR;
				GCC_WARN_UNDECLARED_SELECTOR = YES;
				GCC_WARN_UNINITIALIZED_AUTOS = YES_AGGRESSIVE;
				GCC_WARN_UNUSED_FUNCTION = YES;
				GCC_WARN_UNUSED_VARIABLE = YES;
				MACOSX_DEPLOYMENT_TARGET = 10.12;
				MTL_ENABLE_DEBUG_INFO = YES;
				ONLY_ACTIVE_ARCH = YES;
				SDKROOT = macosx;
				SWIFT_ACTIVE_COMPILATION_CONDITIONS = DEBUG;
				SWIFT_OPTIMIZATION_LEVEL = "-Onone";
			};
			name = Debug;
		};
		686148481FA4DA460025BEDA /* Release */ = {
			isa = XCBuildConfiguration;
			buildSettings = {
				ALWAYS_SEARCH_USER_PATHS = NO;
				CLANG_ANALYZER_NONNULL = YES;
				CLANG_ANALYZER_NUMBER_OBJECT_CONVERSION = YES_AGGRESSIVE;
				CLANG_CXX_LANGUAGE_STANDARD = "gnu++14";
				CLANG_CXX_LIBRARY = "libc++";
				CLANG_ENABLE_MODULES = YES;
				CLANG_ENABLE_OBJC_ARC = YES;
				CLANG_WARN_BLOCK_CAPTURE_AUTORELEASING = YES;
				CLANG_WARN_BOOL_CONVERSION = YES;
				CLANG_WARN_COMMA = YES;
				CLANG_WARN_CONSTANT_CONVERSION = YES;
				CLANG_WARN_DIRECT_OBJC_ISA_USAGE = YES_ERROR;
				CLANG_WARN_DOCUMENTATION_COMMENTS = YES;
				CLANG_WARN_EMPTY_BODY = YES;
				CLANG_WARN_ENUM_CONVERSION = YES;
				CLANG_WARN_INFINITE_RECURSION = YES;
				CLANG_WARN_INT_CONVERSION = YES;
				CLANG_WARN_NON_LITERAL_NULL_CONVERSION = YES;
				CLANG_WARN_OBJC_LITERAL_CONVERSION = YES;
				CLANG_WARN_OBJC_ROOT_CLASS = YES_ERROR;
				CLANG_WARN_RANGE_LOOP_ANALYSIS = YES;
				CLANG_WARN_STRICT_PROTOTYPES = YES;
				CLANG_WARN_SUSPICIOUS_MOVE = YES;
				CLANG_WARN_UNGUARDED_AVAILABILITY = YES_AGGRESSIVE;
				CLANG_WARN_UNREACHABLE_CODE = YES;
				CLANG_WARN__DUPLICATE_METHOD_MATCH = YES;
				CODE_SIGN_IDENTITY = "Mac Developer";
				COPY_PHASE_STRIP = NO;
				DEBUG_INFORMATION_FORMAT = "dwarf-with-dsym";
				ENABLE_NS_ASSERTIONS = NO;
				ENABLE_STRICT_OBJC_MSGSEND = YES;
				GCC_C_LANGUAGE_STANDARD = gnu11;
				GCC_NO_COMMON_BLOCKS = YES;
				GCC_WARN_64_TO_32_BIT_CONVERSION = YES;
				GCC_WARN_ABOUT_RETURN_TYPE = YES_ERROR;
				GCC_WARN_UNDECLARED_SELECTOR = YES;
				GCC_WARN_UNINITIALIZED_AUTOS = YES_AGGRESSIVE;
				GCC_WARN_UNUSED_FUNCTION = YES;
				GCC_WARN_UNUSED_VARIABLE = YES;
				MACOSX_DEPLOYMENT_TARGET = 10.12;
				MTL_ENABLE_DEBUG_INFO = NO;
				SDKROOT = macosx;
				SWIFT_OPTIMIZATION_LEVEL = "-Owholemodule";
			};
			name = Release;
		};
		6861484A1FA4DA460025BEDA /* Debug */ = {
			isa = XCBuildConfiguration;
			buildSettings = {
				CODE_SIGN_STYLE = Automatic;
				DEVELOPMENT_TEAM = LV28C4882Q;
				PRODUCT_NAME = "$(TARGET_NAME)";
				SWIFT_VERSION = 4.0;
			};
			name = Debug;
		};
		6861484B1FA4DA460025BEDA /* Release */ = {
			isa = XCBuildConfiguration;
			buildSettings = {
				CODE_SIGN_STYLE = Automatic;
				DEVELOPMENT_TEAM = LV28C4882Q;
				PRODUCT_NAME = "$(TARGET_NAME)";
				SWIFT_VERSION = 4.0;
			};
			name = Release;
		};
/* End XCBuildConfiguration section */

/* Begin XCConfigurationList section */
		6861483D1FA4DA460025BEDA /* Build configuration list for PBXProject "SwiftAlgorithms" */ = {
			isa = XCConfigurationList;
			buildConfigurations = (
				686148471FA4DA460025BEDA /* Debug */,
				686148481FA4DA460025BEDA /* Release */,
			);
			defaultConfigurationIsVisible = 0;
			defaultConfigurationName = Release;
		};
		686148491FA4DA460025BEDA /* Build configuration list for PBXNativeTarget "SwiftAlgorithms" */ = {
			isa = XCConfigurationList;
			buildConfigurations = (
				6861484A1FA4DA460025BEDA /* Debug */,
				6861484B1FA4DA460025BEDA /* Release */,
			);
			defaultConfigurationIsVisible = 0;
			defaultConfigurationName = Release;
		};
/* End XCConfigurationList section */
	};
	rootObject = 6861483A1FA4DA460025BEDA /* Project object */;
}
